
Microsoft Visual Studio Solution File, Format Version 12.00
# Visual Studio Version 16
VisualStudioVersion = 16.0.30907.101
MinimumVisualStudioVersion = 10.0.40219.1
Project("{FAE04EC0-301F-11D3-BF4B-00C04F79EFBC}") = "Football Stats", "Football Stats\Football Stats.csproj", "{C57D3C28-87D0-47A4-A516-0663DEF1794A}"
EndProject
Global
	GlobalSection(SolutionConfigurationPlatforms) = preSolution
		Debug|Any CPU = Debug|Any CPU
		Release|Any CPU = Release|Any CPU
	EndGlobalSection
	GlobalSection(ProjectConfigurationPlatforms) = postSolution
		{C57D3C28-87D0-47A4-A516-0663DEF1794A}.Debug|Any CPU.ActiveCfg = Debug|Any CPU
		{C57D3C28-87D0-47A4-A516-0663DEF1794A}.Debug|Any CPU.Build.0 = Debug|Any CPU
		{C57D3C28-87D0-47A4-A516-0663DEF1794A}.Release|Any CPU.ActiveCfg = Release|Any CPU
		{C57D3C28-87D0-47A4-A516-0663DEF1794A}.Release|Any CPU.Build.0 = Release|Any CPU
	EndGlobalSection
	GlobalSection(SolutionProperties) = preSolution
		HideSolutionNode = FALSE
	EndGlobalSection
	GlobalSection(ExtensibilityGlobals) = postSolution
		SolutionGuid = {8CFE07E8-92EF-48BC-81AA-54B97CC181FD}
	EndGlobalSection
EndGlobal
